
Microsoft Visual Studio Solution File, Format Version 12.00
# Visual Studio Version 17
VisualStudioVersion = 17.13.35605.110 d17.13
MinimumVisualStudioVersion = 10.0.40219.1
Project("{FAE04EC0-301F-11D3-BF4B-00C04F79EFBC}") = "SingleThreaded", "SingleThreaded\SingleThreaded.csproj", "{8A4EA8BA-E191-4D79-9343-BEFEA0CACA38}"
EndProject
Global
	GlobalSection(SolutionConfigurationPlatforms) = preSolution
		Debug|Any CPU = Debug|Any CPU
		Release|Any CPU = Release|Any CPU
	EndGlobalSection
	GlobalSection(ProjectConfigurationPlatforms) = postSolution
		{8A4EA8BA-E191-4D79-9343-BEFEA0CACA38}.Debug|Any CPU.ActiveCfg = Debug|Any CPU
		{8A4EA8BA-E191-4D79-9343-BEFEA0CACA38}.Debug|Any CPU.Build.0 = Debug|Any CPU
		{8A4EA8BA-E191-4D79-9343-BEFEA0CACA38}.Release|Any CPU.ActiveCfg = Release|Any CPU
		{8A4EA8BA-E191-4D79-9343-BEFEA0CACA38}.Release|Any CPU.Build.0 = Release|Any CPU
	EndGlobalSection
	GlobalSection(SolutionProperties) = preSolution
		HideSolutionNode = FALSE
	EndGlobalSection
	GlobalSection(ExtensibilityGlobals) = postSolution
		SolutionGuid = {F6CEDD16-1CB3-4104-983A-8F066F34C41F}
	EndGlobalSection
EndGlobal
